
Microsoft Visual Studio Solution File, Format Version 12.00
# Visual Studio 15
VisualStudioVersion = 15.0.28307.1622
MinimumVisualStudioVersion = 10.0.40219.1
Project("{FAE04EC0-301F-11D3-BF4B-00C04F79EFBC}") = "lh5801_Emu", "lh5801_Emu.csproj", "{929DC992-3BEE-434D-A3D3-60EC4EB1B702}"
EndProject
Project("{FAE04EC0-301F-11D3-BF4B-00C04F79EFBC}") = "lh5801_Test", "..\lh5801_Test\lh5801_Test.csproj", "{9A7309AC-C6A3-4320-903F-E0756CD591F5}"
EndProject
Project("{54435603-DBB4-11D2-8724-00A0C9A8B90C}") = "lh5801_Emu_Setup", "..\lh5801_Emu_Setup\lh5801_Emu_Setup.vdproj", "{B90CEB8A-08BA-4564-B16F-8746F692F64B}"
EndProject
Global
	GlobalSection(SolutionConfigurationPlatforms) = preSolution
		Debug|Any CPU = Debug|Any CPU
		Release|Any CPU = Release|Any CPU
	EndGlobalSection
	GlobalSection(ProjectConfigurationPlatforms) = postSolution
		{929DC992-3BEE-434D-A3D3-60EC4EB1B702}.Debug|Any CPU.ActiveCfg = Debug|Any CPU
		{929DC992-3BEE-434D-A3D3-60EC4EB1B702}.Debug|Any CPU.Build.0 = Debug|Any CPU
		{929DC992-3BEE-434D-A3D3-60EC4EB1B702}.Release|Any CPU.ActiveCfg = Release|Any CPU
		{929DC992-3BEE-434D-A3D3-60EC4EB1B702}.Release|Any CPU.Build.0 = Release|Any CPU
		{9A7309AC-C6A3-4320-903F-E0756CD591F5}.Debug|Any CPU.ActiveCfg = Debug|Any CPU
		{9A7309AC-C6A3-4320-903F-E0756CD591F5}.Debug|Any CPU.Build.0 = Debug|Any CPU
		{9A7309AC-C6A3-4320-903F-E0756CD591F5}.Release|Any CPU.ActiveCfg = Release|Any CPU
		{9A7309AC-C6A3-4320-903F-E0756CD591F5}.Release|Any CPU.Build.0 = Release|Any CPU
		{B90CEB8A-08BA-4564-B16F-8746F692F64B}.Debug|Any CPU.ActiveCfg = Debug
		{B90CEB8A-08BA-4564-B16F-8746F692F64B}.Release|Any CPU.ActiveCfg = Release
	EndGlobalSection
	GlobalSection(SolutionProperties) = preSolution
		HideSolutionNode = FALSE
	EndGlobalSection
	GlobalSection(ExtensibilityGlobals) = postSolution
		SolutionGuid = {4F019807-AFAB-4103-A808-CAF74CECBD5F}
	EndGlobalSection
EndGlobal
